# auto-generated by grc.converter

id: isdbt_ofdm_sym_acquisition_2
label: Ofdm sym acquisition 2
category: ISDBT

parameters:
-   id: fft_length
    label: Fft_length
    dtype: int
-   id: cp_length
    label: Cp_length
    dtype: int
-   id: snr
    label: Snr
    dtype: float

inputs:
-   domain: stream
    dtype: complex

outputs:
-   domain: stream
    dtype: complex
    vlen: ${ fft_length }

templates:
    imports: import isdbt
    make: isdbt.ofdm_sym_acquisition_2(${fft_length}, ${cp_length}, ${snr})

file_format: 1
