# auto-generated by grc.converter

id: isdbt_byte_deinterleaver
label: Byte Deinterleaver
category: ISDBT

inputs:
-   domain: stream
    dtype: byte

outputs:
-   domain: stream
    dtype: byte
    vlen: 204

templates:
    imports: import isdbt
    make: isdbt.byte_deinterleaver()

file_format: 1
