# auto-generated by grc.converter

id: isdbt_reed_solomon_dec_isdbt
label: Reed Solomon Dec isdbt
category: ISDBT

inputs:
-   domain: stream
    dtype: byte
    vlen: ${ 1*(255-51) }

outputs:
-   domain: stream
    dtype: byte
    vlen: ${ 1*(239-51) }
-   label: ber
    domain: stream
    dtype: float
    vlen: 1
    optional: true

templates:
    imports: import isdbt
    make: isdbt.reed_solomon_dec_isdbt()

file_format: 1
