# auto-generated by grc.converter

id: isdbt_carrier_modulation
label: Carrier Modulation
category: '[ISDBT]'

parameters:
-   id: mode
    label: Transmission Mode
    dtype: enum
    default: '3'
    options: ['1', '2', '3']
    option_labels: [MODE1(2K), MODE2(4K), MODE3(8K)]
-   id: segments
    label: Layer Segments
    dtype: int
    default: '1'
-   id: constellation_size
    label: Layer Modulation Scheme
    dtype: enum
    default: '4'
    options: ['4', '16', '64']
    option_labels: [QPSK, 16QAM, 64QAM]

inputs:
-   domain: stream
    dtype: byte

outputs:
-   domain: stream
    dtype: complex
    vlen: ${ (segments)*96*(2**(int(mode)-1)) }

templates:
    imports: import isdbt
    make: isdbt.carrier_modulation(${mode}, ${segments}, ${constellation_size})

file_format: 1
