# auto-generated by grc.converter

id: isdbt_byte_interleaver
label: Byte Interleaver
category: '[ISDBT]'

parameters:
-   id: mode
    label: Transmission Mode
    dtype: enum
    default: '3'
    options: ['1', '2', '3']
    option_labels: [MODE1(2K), MODE2(4K), MODE3(8K)]
-   id: nsegments
    label: Layer Segments
    dtype: int
    default: '1'
-   id: constellation_size
    label: Layer Modulation Scheme
    dtype: enum
    default: '4'
    options: ['4', '16', '64']
    option_labels: [QPSK, 16QAM, 64QAM]
-   id: rate
    label: Rate
    dtype: enum
    default: '0'
    options: ['0', '1', '2', '3', '4']
    option_labels: [1/2, 2/3, 3/4, 5/6, 7/8]

inputs:
-   domain: stream
    dtype: byte
    vlen: 204

outputs:
-   domain: stream
    dtype: byte

templates:
    imports: import isdbt
    make: isdbt.byte_interleaver(${mode}, ${constellation_size}, ${rate}, ${nsegments})

file_format: 1
