# auto-generated by grc.converter

id: isdbt_channel_decoding
label: ISDB-T Channel Decoding
category: ISDBT

parameters:
-   id: layer_segments
    label: Layer Segments
    dtype: raw
    default: '1'
-   id: mode
    label: Transmission Mode
    dtype: enum
    default: '3'
    options: ['1', '2', '3']
    option_labels: [MODE1(2K), MODE2(4K), MODE3(8K)]
-   id: constellation_size
    label: Modulation Scheme
    dtype: enum
    default: '4'
    options: ['4', '16', '64']
    option_labels: [QPSK, 16QAM, 64QAM]
-   id: rate
    label: Rate
    dtype: enum
    default: '1'
    options: ['0', '1', '2', '3', '4']
    option_labels: [1/2, 2/3, 3/4, 5/6, 7/8]

inputs:
-   domain: stream
    dtype: byte
    vlen: ${ layer_segments*96*2**(int(mode)-1) }

outputs:
-   domain: stream
    dtype: byte
    vlen: 1
-   label: BER - RS
    domain: stream
    dtype: float
    optional: true
-   label: BER - Viterbi
    domain: stream
    dtype: float
    optional: true

templates:
    imports: import isdbt
    make: |-
        isdbt.isdbt_channel_decoding(
            layer_segments=${layer_segments},
            mode=${mode},
            constellation_size=${constellation_size},
            rate=${rate},
        )
    callbacks:
    - set_layer_segments(${layer_segments})
    - set_mode(${mode})
    - set_constellation_size(${constellation_size})
    - set_rate(${rate})

file_format: 1
