# auto-generated by grc.converter

id: isdbt_tmcc_decoder_1seg
label: TMCC Decoder 1-seg
category: ISDBT

parameters:
-   id: transmission_mode
    label: Transmission Mode
    dtype: enum
    options: ['1', '2', '3']
    option_labels: [MODE1(2K), MODE2(4K), MODE3(8K)]
-   id: print_params
    label: Print params.
    dtype: enum
    default: 'False'
    options: ['True', 'False']
    option_labels: ['Yes', 'No']

inputs:
-   domain: stream
    dtype: complex
    vlen: ${ 108*(2**(int(transmission_mode)-1)) }

outputs:
-   domain: stream
    dtype: complex
    vlen: ${ 96*(2**(int(transmission_mode)-1)) }

templates:
    imports: import isdbt
    make: isdbt.tmcc_decoder_1seg(${transmission_mode}, ${print_params})

file_format: 1
