# auto-generated by grc.converter

id: isdbt_energy_descrambler
label: Energy Descrambler
category: ISDBT

inputs:
-   domain: stream
    dtype: byte
    vlen: 204

outputs:
-   domain: stream
    dtype: byte
    vlen: 204

templates:
    imports: import isdbt
    make: isdbt.energy_descrambler()

file_format: 1
